// !$*UTF8*$!
{
	archiveVersion = 1;
	classes = {
	};
	objectVersion = 50;
	objects = {

/* Begin PBXBuildFile section */
		223946DB21B2CAD700FDBE9B /* BatteryInfo.swift in Sources */ = {isa = PBXBuildFile; fileRef = 223946DA21B2CAD700FDBE9B /* BatteryInfo.swift */; };
		223946DD21B2CDCD00FDBE9B /* Battery.swift in Sources */ = {isa = PBXBuildFile; fileRef = 223946DC21B2CDCD00FDBE9B /* Battery.swift */; };
		223946DF21B4262300FDBE9B /* BatteryInfoViewController.swift in Sources */ = {isa = PBXBuildFile; fileRef = 223946DE21B4262300FDBE9B /* BatteryInfoViewController.swift */; };
		223946E121B6BEC200FDBE9B /* HardwareInfoViewController.swift in Sources */ = {isa = PBXBuildFile; fileRef = 223946E021B6BEC200FDBE9B /* HardwareInfoViewController.swift */; };
		223946E521B6C09400FDBE9B /* KernelInfoViewController.swift in Sources */ = {isa = PBXBuildFile; fileRef = 223946E421B6C09400FDBE9B /* KernelInfoViewController.swift */; };
		223946E721B6C2FD00FDBE9B /* TableViewUtil.swift in Sources */ = {isa = PBXBuildFile; fileRef = 223946E621B6C2FD00FDBE9B /* TableViewUtil.swift */; };
		227D3B4E21AA63DB00BB56ED /* AppDelegate.swift in Sources */ = {isa = PBXBuildFile; fileRef = 227D3B4D21AA63DB00BB56ED /* AppDelegate.swift */; };
		227D3B5021AA63DB00BB56ED /* ViewController.swift in Sources */ = {isa = PBXBuildFile; fileRef = 227D3B4F21AA63DB00BB56ED /* ViewController.swift */; };
		227D3B5321AA63DB00BB56ED /* estimator.xcdatamodeld in Sources */ = {isa = PBXBuildFile; fileRef = 227D3B5121AA63DB00BB56ED /* estimator.xcdatamodeld */; };
		227D3B5521AA63DD00BB56ED /* Assets.xcassets in Resources */ = {isa = PBXBuildFile; fileRef = 227D3B5421AA63DD00BB56ED /* Assets.xcassets */; };
		227D3B5821AA63DD00BB56ED /* Main.storyboard in Resources */ = {isa = PBXBuildFile; fileRef = 227D3B5621AA63DD00BB56ED /* Main.storyboard */; };
		227D3B6421AA63DD00BB56ED /* estimatorTests.swift in Sources */ = {isa = PBXBuildFile; fileRef = 227D3B6321AA63DD00BB56ED /* estimatorTests.swift */; };
		227D3B6F21AA63DD00BB56ED /* estimatorUITests.swift in Sources */ = {isa = PBXBuildFile; fileRef = 227D3B6E21AA63DD00BB56ED /* estimatorUITests.swift */; };
		22F0B5D221AC25B300F2E40D /* Main.storyboard in Resources */ = {isa = PBXBuildFile; fileRef = 227D3B5621AA63DD00BB56ED /* Main.storyboard */; };
		22F0B5D321AC25B400F2E40D /* Main.storyboard in Resources */ = {isa = PBXBuildFile; fileRef = 227D3B5621AA63DD00BB56ED /* Main.storyboard */; };
/* End PBXBuildFile section */

/* Begin PBXContainerItemProxy section */
		227D3B6021AA63DD00BB56ED /* PBXContainerItemProxy */ = {
			isa = PBXContainerItemProxy;
			containerPortal = 227D3B4221AA63DB00BB56ED /* Project object */;
			proxyType = 1;
			remoteGlobalIDString = 227D3B4921AA63DB00BB56ED;
			remoteInfo = estimator;
		};
		227D3B6B21AA63DD00BB56ED /* PBXContainerItemProxy */ = {
			isa = PBXContainerItemProxy;
			containerPortal = 227D3B4221AA63DB00BB56ED /* Project object */;
			proxyType = 1;
			remoteGlobalIDString = 227D3B4921AA63DB00BB56ED;
			remoteInfo = estimator;
		};
/* End PBXContainerItemProxy section */

/* Begin PBXFileReference section */
		223946DA21B2CAD700FDBE9B /* BatteryInfo.swift */ = {isa = PBXFileReference; lastKnownFileType = sourcecode.swift; path = BatteryInfo.swift; sourceTree = "<group>"; };
		223946DC21B2CDCD00FDBE9B /* Battery.swift */ = {isa = PBXFileReference; lastKnownFileType = sourcecode.swift; path = Battery.swift; sourceTree = "<group>"; };
		223946DE21B4262300FDBE9B /* BatteryInfoViewController.swift */ = {isa = PBXFileReference; lastKnownFileType = sourcecode.swift; path = BatteryInfoViewController.swift; sourceTree = "<group>"; };
		223946E021B6BEC200FDBE9B /* HardwareInfoViewController.swift */ = {isa = PBXFileReference; lastKnownFileType = sourcecode.swift; path = HardwareInfoViewController.swift; sourceTree = "<group>"; };
		223946E421B6C09400FDBE9B /* KernelInfoViewController.swift */ = {isa = PBXFileReference; lastKnownFileType = sourcecode.swift; path = KernelInfoViewController.swift; sourceTree = "<group>"; };
		223946E621B6C2FD00FDBE9B /* TableViewUtil.swift */ = {isa = PBXFileReference; lastKnownFileType = sourcecode.swift; path = TableViewUtil.swift; sourceTree = "<group>"; };
		227D3B4A21AA63DB00BB56ED /* estimator.app */ = {isa = PBXFileReference; explicitFileType = wrapper.application; includeInIndex = 0; path = estimator.app; sourceTree = BUILT_PRODUCTS_DIR; };
		227D3B4D21AA63DB00BB56ED /* AppDelegate.swift */ = {isa = PBXFileReference; lastKnownFileType = sourcecode.swift; path = AppDelegate.swift; sourceTree = "<group>"; };
		227D3B4F21AA63DB00BB56ED /* ViewController.swift */ = {isa = PBXFileReference; lastKnownFileType = sourcecode.swift; path = ViewController.swift; sourceTree = "<group>"; };
		227D3B5221AA63DB00BB56ED /* estimator.xcdatamodel */ = {isa = PBXFileReference; lastKnownFileType = wrapper.xcdatamodel; path = estimator.xcdatamodel; sourceTree = "<group>"; };
		227D3B5421AA63DD00BB56ED /* Assets.xcassets */ = {isa = PBXFileReference; lastKnownFileType = folder.assetcatalog; path = Assets.xcassets; sourceTree = "<group>"; };
		227D3B5721AA63DD00BB56ED /* Base */ = {isa = PBXFileReference; lastKnownFileType = file.storyboard; name = Base; path = Base.lproj/Main.storyboard; sourceTree = "<group>"; };
		227D3B5921AA63DD00BB56ED /* Info.plist */ = {isa = PBXFileReference; lastKnownFileType = text.plist.xml; path = Info.plist; sourceTree = "<group>"; };
		227D3B5A21AA63DD00BB56ED /* estimator.entitlements */ = {isa = PBXFileReference; lastKnownFileType = text.plist.entitlements; path = estimator.entitlements; sourceTree = "<group>"; };
		227D3B5F21AA63DD00BB56ED /* estimatorTests.xctest */ = {isa = PBXFileReference; explicitFileType = wrapper.cfbundle; includeInIndex = 0; path = estimatorTests.xctest; sourceTree = BUILT_PRODUCTS_DIR; };
		227D3B6321AA63DD00BB56ED /* estimatorTests.swift */ = {isa = PBXFileReference; lastKnownFileType = sourcecode.swift; path = estimatorTests.swift; sourceTree = "<group>"; };
		227D3B6521AA63DD00BB56ED /* Info.plist */ = {isa = PBXFileReference; lastKnownFileType = text.plist.xml; path = Info.plist; sourceTree = "<group>"; };
		227D3B6A21AA63DD00BB56ED /* estimatorUITests.xctest */ = {isa = PBXFileReference; explicitFileType = wrapper.cfbundle; includeInIndex = 0; path = estimatorUITests.xctest; sourceTree = BUILT_PRODUCTS_DIR; };
		227D3B6E21AA63DD00BB56ED /* estimatorUITests.swift */ = {isa = PBXFileReference; lastKnownFileType = sourcecode.swift; path = estimatorUITests.swift; sourceTree = "<group>"; };
		227D3B7021AA63DD00BB56ED /* Info.plist */ = {isa = PBXFileReference; lastKnownFileType = text.plist.xml; path = Info.plist; sourceTree = "<group>"; };
/* End PBXFileReference section */

/* Begin PBXFrameworksBuildPhase section */
		227D3B4721AA63DB00BB56ED /* Frameworks */ = {
			isa = PBXFrameworksBuildPhase;
			buildActionMask = 2147483647;
			files = (
			);
			runOnlyForDeploymentPostprocessing = 0;
		};
		227D3B5C21AA63DD00BB56ED /* Frameworks */ = {
			isa = PBXFrameworksBuildPhase;
			buildActionMask = 2147483647;
			files = (
			);
			runOnlyForDeploymentPostprocessing = 0;
		};
		227D3B6721AA63DD00BB56ED /* Frameworks */ = {
			isa = PBXFrameworksBuildPhase;
			buildActionMask = 2147483647;
			files = (
			);
			runOnlyForDeploymentPostprocessing = 0;
		};
/* End PBXFrameworksBuildPhase section */

/* Begin PBXGroup section */
		227D3B4121AA63DB00BB56ED = {
			isa = PBXGroup;
			children = (
				227D3B4C21AA63DB00BB56ED /* estimator */,
				227D3B6221AA63DD00BB56ED /* estimatorTests */,
				227D3B6D21AA63DD00BB56ED /* estimatorUITests */,
				227D3B4B21AA63DB00BB56ED /* Products */,
			);
			sourceTree = "<group>";
		};
		227D3B4B21AA63DB00BB56ED /* Products */ = {
			isa = PBXGroup;
			children = (
				227D3B4A21AA63DB00BB56ED /* estimator.app */,
				227D3B5F21AA63DD00BB56ED /* estimatorTests.xctest */,
				227D3B6A21AA63DD00BB56ED /* estimatorUITests.xctest */,
			);
			name = Products;
			sourceTree = "<group>";
		};
		227D3B4C21AA63DB00BB56ED /* estimator */ = {
			isa = PBXGroup;
			children = (
				227D3B4D21AA63DB00BB56ED /* AppDelegate.swift */,
				227D3B4F21AA63DB00BB56ED /* ViewController.swift */,
				223946E621B6C2FD00FDBE9B /* TableViewUtil.swift */,
				223946DE21B4262300FDBE9B /* BatteryInfoViewController.swift */,
				223946DA21B2CAD700FDBE9B /* BatteryInfo.swift */,
				223946DC21B2CDCD00FDBE9B /* Battery.swift */,
				227D3B5421AA63DD00BB56ED /* Assets.xcassets */,
				227D3B5621AA63DD00BB56ED /* Main.storyboard */,
				223946E021B6BEC200FDBE9B /* HardwareInfoViewController.swift */,
				223946E421B6C09400FDBE9B /* KernelInfoViewController.swift */,
				227D3B5921AA63DD00BB56ED /* Info.plist */,
				227D3B5A21AA63DD00BB56ED /* estimator.entitlements */,
				227D3B5121AA63DB00BB56ED /* estimator.xcdatamodeld */,
			);
			path = estimator;
			sourceTree = "<group>";
		};
		227D3B6221AA63DD00BB56ED /* estimatorTests */ = {
			isa = PBXGroup;
			children = (
				227D3B6321AA63DD00BB56ED /* estimatorTests.swift */,
				227D3B6521AA63DD00BB56ED /* Info.plist */,
			);
			path = estimatorTests;
			sourceTree = "<group>";
		};
		227D3B6D21AA63DD00BB56ED /* estimatorUITests */ = {
			isa = PBXGroup;
			children = (
				227D3B6E21AA63DD00BB56ED /* estimatorUITests.swift */,
				227D3B7021AA63DD00BB56ED /* Info.plist */,
			);
			path = estimatorUITests;
			sourceTree = "<group>";
		};
/* End PBXGroup section */

/* Begin PBXNativeTarget section */
		227D3B4921AA63DB00BB56ED /* estimator */ = {
			isa = PBXNativeTarget;
			buildConfigurationList = 227D3B7321AA63DD00BB56ED /* Build configuration list for PBXNativeTarget "estimator" */;
			buildPhases = (
				227D3B4621AA63DB00BB56ED /* Sources */,
				227D3B4721AA63DB00BB56ED /* Frameworks */,
				227D3B4821AA63DB00BB56ED /* Resources */,
			);
			buildRules = (
			);
			dependencies = (
			);
			name = estimator;
			productName = estimator;
			productReference = 227D3B4A21AA63DB00BB56ED /* estimator.app */;
			productType = "com.apple.product-type.application";
		};
		227D3B5E21AA63DD00BB56ED /* estimatorTests */ = {
			isa = PBXNativeTarget;
			buildConfigurationList = 227D3B7621AA63DD00BB56ED /* Build configuration list for PBXNativeTarget "estimatorTests" */;
			buildPhases = (
				227D3B5B21AA63DD00BB56ED /* Sources */,
				227D3B5C21AA63DD00BB56ED /* Frameworks */,
				227D3B5D21AA63DD00BB56ED /* Resources */,
			);
			buildRules = (
			);
			dependencies = (
				227D3B6121AA63DD00BB56ED /* PBXTargetDependency */,
			);
			name = estimatorTests;
			productName = estimatorTests;
			productReference = 227D3B5F21AA63DD00BB56ED /* estimatorTests.xctest */;
			productType = "com.apple.product-type.bundle.unit-test";
		};
		227D3B6921AA63DD00BB56ED /* estimatorUITests */ = {
			isa = PBXNativeTarget;
			buildConfigurationList = 227D3B7921AA63DD00BB56ED /* Build configuration list for PBXNativeTarget "estimatorUITests" */;
			buildPhases = (
				227D3B6621AA63DD00BB56ED /* Sources */,
				227D3B6721AA63DD00BB56ED /* Frameworks */,
				227D3B6821AA63DD00BB56ED /* Resources */,
			);
			buildRules = (
			);
			dependencies = (
				227D3B6C21AA63DD00BB56ED /* PBXTargetDependency */,
			);
			name = estimatorUITests;
			productName = estimatorUITests;
			productReference = 227D3B6A21AA63DD00BB56ED /* estimatorUITests.xctest */;
			productType = "com.apple.product-type.bundle.ui-testing";
		};
/* End PBXNativeTarget section */

/* Begin PBXProject section */
		227D3B4221AA63DB00BB56ED /* Project object */ = {
			isa = PBXProject;
			attributes = {
				LastSwiftUpdateCheck = 1010;
				LastUpgradeCheck = 1010;
				ORGANIZATIONNAME = "Sam Zhang";
				TargetAttributes = {
					227D3B4921AA63DB00BB56ED = {
						CreatedOnToolsVersion = 10.1;
						SystemCapabilities = {
							com.apple.Sandbox = {
								enabled = 1;
							};
						};
					};
					227D3B5E21AA63DD00BB56ED = {
						CreatedOnToolsVersion = 10.1;
						TestTargetID = 227D3B4921AA63DB00BB56ED;
					};
					227D3B6921AA63DD00BB56ED = {
						CreatedOnToolsVersion = 10.1;
						TestTargetID = 227D3B4921AA63DB00BB56ED;
					};
				};
			};
			buildConfigurationList = 227D3B4521AA63DB00BB56ED /* Build configuration list for PBXProject "estimator" */;
			compatibilityVersion = "Xcode 9.3";
			developmentRegion = en;
			hasScannedForEncodings = 0;
			knownRegions = (
				en,
				Base,
			);
			mainGroup = 227D3B4121AA63DB00BB56ED;
			productRefGroup = 227D3B4B21AA63DB00BB56ED /* Products */;
			projectDirPath = "";
			projectRoot = "";
			targets = (
				227D3B4921AA63DB00BB56ED /* estimator */,
				227D3B5E21AA63DD00BB56ED /* estimatorTests */,
				227D3B6921AA63DD00BB56ED /* estimatorUITests */,
			);
		};
/* End PBXProject section */

/* Begin PBXResourcesBuildPhase section */
		227D3B4821AA63DB00BB56ED /* Resources */ = {
			isa = PBXResourcesBuildPhase;
			buildActionMask = 2147483647;
			files = (
				227D3B5521AA63DD00BB56ED /* Assets.xcassets in Resources */,
				227D3B5821AA63DD00BB56ED /* Main.storyboard in Resources */,
			);
			runOnlyForDeploymentPostprocessing = 0;
		};
		227D3B5D21AA63DD00BB56ED /* Resources */ = {
			isa = PBXResourcesBuildPhase;
			buildActionMask = 2147483647;
			files = (
				22F0B5D221AC25B300F2E40D /* Main.storyboard in Resources */,
			);
			runOnlyForDeploymentPostprocessing = 0;
		};
		227D3B6821AA63DD00BB56ED /* Resources */ = {
			isa = PBXResourcesBuildPhase;
			buildActionMask = 2147483647;
			files = (
				22F0B5D321AC25B400F2E40D /* Main.storyboard in Resources */,
			);
			runOnlyForDeploymentPostprocessing = 0;
		};
/* End PBXResourcesBuildPhase section */

/* Begin PBXSourcesBuildPhase section */
		227D3B4621AA63DB00BB56ED /* Sources */ = {
			isa = PBXSourcesBuildPhase;
			buildActionMask = 2147483647;
			files = (
				223946E721B6C2FD00FDBE9B /* TableViewUtil.swift in Sources */,
				223946DD21B2CDCD00FDBE9B /* Battery.swift in Sources */,
				227D3B5021AA63DB00BB56ED /* ViewController.swift in Sources */,
				223946E121B6BEC200FDBE9B /* HardwareInfoViewController.swift in Sources */,
				223946DF21B4262300FDBE9B /* BatteryInfoViewController.swift in Sources */,
				227D3B4E21AA63DB00BB56ED /* AppDelegate.swift in Sources */,
				223946E521B6C09400FDBE9B /* KernelInfoViewController.swift in Sources */,
				227D3B5321AA63DB00BB56ED /* estimator.xcdatamodeld in Sources */,
				223946DB21B2CAD700FDBE9B /* BatteryInfo.swift in Sources */,
			);
			runOnlyForDeploymentPostprocessing = 0;
		};
		227D3B5B21AA63DD00BB56ED /* Sources */ = {
			isa = PBXSourcesBuildPhase;
			buildActionMask = 2147483647;
			files = (
				227D3B6421AA63DD00BB56ED /* estimatorTests.swift in Sources */,
			);
			runOnlyForDeploymentPostprocessing = 0;
		};
		227D3B6621AA63DD00BB56ED /* Sources */ = {
			isa = PBXSourcesBuildPhase;
			buildActionMask = 2147483647;
			files = (
				227D3B6F21AA63DD00BB56ED /* estimatorUITests.swift in Sources */,
			);
			runOnlyForDeploymentPostprocessing = 0;
		};
/* End PBXSourcesBuildPhase section */

/* Begin PBXTargetDependency section */
		227D3B6121AA63DD00BB56ED /* PBXTargetDependency */ = {
			isa = PBXTargetDependency;
			target = 227D3B4921AA63DB00BB56ED /* estimator */;
			targetProxy = 227D3B6021AA63DD00BB56ED /* PBXContainerItemProxy */;
		};
		227D3B6C21AA63DD00BB56ED /* PBXTargetDependency */ = {
			isa = PBXTargetDependency;
			target = 227D3B4921AA63DB00BB56ED /* estimator */;
			targetProxy = 227D3B6B21AA63DD00BB56ED /* PBXContainerItemProxy */;
		};
/* End PBXTargetDependency section */

/* Begin PBXVariantGroup section */
		227D3B5621AA63DD00BB56ED /* Main.storyboard */ = {
			isa = PBXVariantGroup;
			children = (
				227D3B5721AA63DD00BB56ED /* Base */,
			);
			name = Main.storyboard;
			sourceTree = "<group>";
		};
/* End PBXVariantGroup section */

/* Begin XCBuildConfiguration section */
		227D3B7121AA63DD00BB56ED /* Debug */ = {
			isa = XCBuildConfiguration;
			buildSettings = {
				ALWAYS_SEARCH_USER_PATHS = NO;
				CLANG_ANALYZER_NONNULL = YES;
				CLANG_ANALYZER_NUMBER_OBJECT_CONVERSION = YES_AGGRESSIVE;
				CLANG_CXX_LANGUAGE_STANDARD = "gnu++14";
				CLANG_CXX_LIBRARY = "libc++";
				CLANG_ENABLE_MODULES = YES;
				CLANG_ENABLE_OBJC_ARC = YES;
				CLANG_ENABLE_OBJC_WEAK = YES;
				CLANG_WARN_BLOCK_CAPTURE_AUTORELEASING = YES;
				CLANG_WARN_BOOL_CONVERSION = YES;
				CLANG_WARN_COMMA = YES;
				CLANG_WARN_CONSTANT_CONVERSION = YES;
				CLANG_WARN_DEPRECATED_OBJC_IMPLEMENTATIONS = YES;
				CLANG_WARN_DIRECT_OBJC_ISA_USAGE = YES_ERROR;
				CLANG_WARN_DOCUMENTATION_COMMENTS = YES;
				CLANG_WARN_EMPTY_BODY = YES;
				CLANG_WARN_ENUM_CONVERSION = YES;
				CLANG_WARN_INFINITE_RECURSION = YES;
				CLANG_WARN_INT_CONVERSION = YES;
				CLANG_WARN_NON_LITERAL_NULL_CONVERSION = YES;
				CLANG_WARN_OBJC_IMPLICIT_RETAIN_SELF = YES;
				CLANG_WARN_OBJC_LITERAL_CONVERSION = YES;
				CLANG_WARN_OBJC_ROOT_CLASS = YES_ERROR;
				CLANG_WARN_RANGE_LOOP_ANALYSIS = YES;
				CLANG_WARN_STRICT_PROTOTYPES = YES;
				CLANG_WARN_SUSPICIOUS_MOVE = YES;
				CLANG_WARN_UNGUARDED_AVAILABILITY = YES_AGGRESSIVE;
				CLANG_WARN_UNREACHABLE_CODE = YES;
				CLANG_WARN__DUPLICATE_METHOD_MATCH = YES;
				CODE_SIGN_IDENTITY = "-";
				COPY_PHASE_STRIP = NO;
				DEBUG_INFORMATION_FORMAT = dwarf;
				ENABLE_STRICT_OBJC_MSGSEND = YES;
				ENABLE_TESTABILITY = YES;
				GCC_C_LANGUAGE_STANDARD = gnu11;
				GCC_DYNAMIC_NO_PIC = NO;
				GCC_NO_COMMON_BLOCKS = YES;
				GCC_OPTIMIZATION_LEVEL = 0;
				GCC_PREPROCESSOR_DEFINITIONS = (
					"DEBUG=1",
					"$(inherited)",
				);
				GCC_WARN_64_TO_32_BIT_CONVERSION = YES;
				GCC_WARN_ABOUT_RETURN_TYPE = YES_ERROR;
				GCC_WARN_UNDECLARED_SELECTOR = YES;
				GCC_WARN_UNINITIALIZED_AUTOS = YES_AGGRESSIVE;
				GCC_WARN_UNUSED_FUNCTION = YES;
				GCC_WARN_UNUSED_VARIABLE = YES;
				MACOSX_DEPLOYMENT_TARGET = 10.14;
				MTL_ENABLE_DEBUG_INFO = INCLUDE_SOURCE;
				MTL_FAST_MATH = YES;
				ONLY_ACTIVE_ARCH = YES;
				SDKROOT = macosx;
				SWIFT_ACTIVE_COMPILATION_CONDITIONS = DEBUG;
				SWIFT_OPTIMIZATION_LEVEL = "-Onone";
			};
			name = Debug;
		};
		227D3B7221AA63DD00BB56ED /* Release */ = {
			isa = XCBuildConfiguration;
			buildSettings = {
				ALWAYS_SEARCH_USER_PATHS = NO;
				CLANG_ANALYZER_NONNULL = YES;
				CLANG_ANALYZER_NUMBER_OBJECT_CONVERSION = YES_AGGRESSIVE;
				CLANG_CXX_LANGUAGE_STANDARD = "gnu++14";
				CLANG_CXX_LIBRARY = "libc++";
				CLANG_ENABLE_MODULES = YES;
				CLANG_ENABLE_OBJC_ARC = YES;
				CLANG_ENABLE_OBJC_WEAK = YES;
				CLANG_WARN_BLOCK_CAPTURE_AUTORELEASING = YES;
				CLANG_WARN_BOOL_CONVERSION = YES;
				CLANG_WARN_COMMA = YES;
				CLANG_WARN_CONSTANT_CONVERSION = YES;
				CLANG_WARN_DEPRECATED_OBJC_IMPLEMENTATIONS = YES;
				CLANG_WARN_DIRECT_OBJC_ISA_USAGE = YES_ERROR;
				CLANG_WARN_DOCUMENTATION_COMMENTS = YES;
				CLANG_WARN_EMPTY_BODY = YES;
				CLANG_WARN_ENUM_CONVERSION = YES;
				CLANG_WARN_INFINITE_RECURSION = YES;
				CLANG_WARN_INT_CONVERSION = YES;
				CLANG_WARN_NON_LITERAL_NULL_CONVERSION = YES;
				CLANG_WARN_OBJC_IMPLICIT_RETAIN_SELF = YES;
				CLANG_WARN_OBJC_LITERAL_CONVERSION = YES;
				CLANG_WARN_OBJC_ROOT_CLASS = YES_ERROR;
				CLANG_WARN_RANGE_LOOP_ANALYSIS = YES;
				CLANG_WARN_STRICT_PROTOTYPES = YES;
				CLANG_WARN_SUSPICIOUS_MOVE = YES;
				CLANG_WARN_UNGUARDED_AVAILABILITY = YES_AGGRESSIVE;
				CLANG_WARN_UNREACHABLE_CODE = YES;
				CLANG_WARN__DUPLICATE_METHOD_MATCH = YES;
				CODE_SIGN_IDENTITY = "-";
				COPY_PHASE_STRIP = NO;
				DEBUG_INFORMATION_FORMAT = "dwarf-with-dsym";
				ENABLE_NS_ASSERTIONS = NO;
				ENABLE_STRICT_OBJC_MSGSEND = YES;
				GCC_C_LANGUAGE_STANDARD = gnu11;
				GCC_NO_COMMON_BLOCKS = YES;
				GCC_WARN_64_TO_32_BIT_CONVERSION = YES;
				GCC_WARN_ABOUT_RETURN_TYPE = YES_ERROR;
				GCC_WARN_UNDECLARED_SELECTOR = YES;
				GCC_WARN_UNINITIALIZED_AUTOS = YES_AGGRESSIVE;
				GCC_WARN_UNUSED_FUNCTION = YES;
				GCC_WARN_UNUSED_VARIABLE = YES;
				MACOSX_DEPLOYMENT_TARGET = 10.14;
				MTL_ENABLE_DEBUG_INFO = NO;
				MTL_FAST_MATH = YES;
				SDKROOT = macosx;
				SWIFT_COMPILATION_MODE = wholemodule;
				SWIFT_OPTIMIZATION_LEVEL = "-O";
			};
			name = Release;
		};
		227D3B7421AA63DD00BB56ED /* Debug */ = {
			isa = XCBuildConfiguration;
			buildSettings = {
				ASSETCATALOG_COMPILER_APPICON_NAME = AppIcon;
				CODE_SIGN_ENTITLEMENTS = estimator/estimator.entitlements;
				CODE_SIGN_STYLE = Automatic;
				COMBINE_HIDPI_IMAGES = YES;
				INFOPLIST_FILE = estimator/Info.plist;
				LD_RUNPATH_SEARCH_PATHS = (
					"$(inherited)",
					"@executable_path/../Frameworks",
				);
				PRODUCT_BUNDLE_IDENTIFIER = net.meeko.estimator;
				PRODUCT_NAME = "$(TARGET_NAME)";
				SWIFT_VERSION = 4.2;
			};
			name = Debug;
		};
		227D3B7521AA63DD00BB56ED /* Release */ = {
			isa = XCBuildConfiguration;
			buildSettings = {
				ASSETCATALOG_COMPILER_APPICON_NAME = AppIcon;
				CODE_SIGN_ENTITLEMENTS = estimator/estimator.entitlements;
				CODE_SIGN_STYLE = Automatic;
				COMBINE_HIDPI_IMAGES = YES;
				INFOPLIST_FILE = estimator/Info.plist;
				LD_RUNPATH_SEARCH_PATHS = (
					"$(inherited)",
					"@executable_path/../Frameworks",
				);
				PRODUCT_BUNDLE_IDENTIFIER = net.meeko.estimator;
				PRODUCT_NAME = "$(TARGET_NAME)";
				SWIFT_VERSION = 4.2;
			};
			name = Release;
		};
		227D3B7721AA63DD00BB56ED /* Debug */ = {
			isa = XCBuildConfiguration;
			buildSettings = {
				ALWAYS_EMBED_SWIFT_STANDARD_LIBRARIES = YES;
				BUNDLE_LOADER = "$(TEST_HOST)";
				CODE_SIGN_STYLE = Automatic;
				COMBINE_HIDPI_IMAGES = YES;
				INFOPLIST_FILE = estimatorTests/Info.plist;
				LD_RUNPATH_SEARCH_PATHS = (
					"$(inherited)",
					"@executable_path/../Frameworks",
					"@loader_path/../Frameworks",
				);
				PRODUCT_BUNDLE_IDENTIFIER = net.meeko.estimatorTests;
				PRODUCT_NAME = "$(TARGET_NAME)";
				SWIFT_VERSION = 4.2;
				TEST_HOST = "$(BUILT_PRODUCTS_DIR)/estimator.app/Contents/MacOS/estimator";
			};
			name = Debug;
		};
		227D3B7821AA63DD00BB56ED /* Release */ = {
			isa = XCBuildConfiguration;
			buildSettings = {
				ALWAYS_EMBED_SWIFT_STANDARD_LIBRARIES = YES;
				BUNDLE_LOADER = "$(TEST_HOST)";
				CODE_SIGN_STYLE = Automatic;
				COMBINE_HIDPI_IMAGES = YES;
				INFOPLIST_FILE = estimatorTests/Info.plist;
				LD_RUNPATH_SEARCH_PATHS = (
					"$(inherited)",
					"@executable_path/../Frameworks",
					"@loader_path/../Frameworks",
				);
				PRODUCT_BUNDLE_IDENTIFIER = net.meeko.estimatorTests;
				PRODUCT_NAME = "$(TARGET_NAME)";
				SWIFT_VERSION = 4.2;
				TEST_HOST = "$(BUILT_PRODUCTS_DIR)/estimator.app/Contents/MacOS/estimator";
			};
			name = Release;
		};
		227D3B7A21AA63DD00BB56ED /* Debug */ = {
			isa = XCBuildConfiguration;
			buildSettings = {
				ALWAYS_EMBED_SWIFT_STANDARD_LIBRARIES = YES;
				CODE_SIGN_STYLE = Automatic;
				COMBINE_HIDPI_IMAGES = YES;
				INFOPLIST_FILE = estimatorUITests/Info.plist;
				LD_RUNPATH_SEARCH_PATHS = (
					"$(inherited)",
					"@executable_path/../Frameworks",
					"@loader_path/../Frameworks",
				);
				PRODUCT_BUNDLE_IDENTIFIER = net.meeko.estimatorUITests;
				PRODUCT_NAME = "$(TARGET_NAME)";
				SWIFT_VERSION = 4.2;
				TEST_TARGET_NAME = estimator;
			};
			name = Debug;
		};
		227D3B7B21AA63DD00BB56ED /* Release */ = {
			isa = XCBuildConfiguration;
			buildSettings = {
				ALWAYS_EMBED_SWIFT_STANDARD_LIBRARIES = YES;
				CODE_SIGN_STYLE = Automatic;
				COMBINE_HIDPI_IMAGES = YES;
				INFOPLIST_FILE = estimatorUITests/Info.plist;
				LD_RUNPATH_SEARCH_PATHS = (
					"$(inherited)",
					"@executable_path/../Frameworks",
					"@loader_path/../Frameworks",
				);
				PRODUCT_BUNDLE_IDENTIFIER = net.meeko.estimatorUITests;
				PRODUCT_NAME = "$(TARGET_NAME)";
				SWIFT_VERSION = 4.2;
				TEST_TARGET_NAME = estimator;
			};
			name = Release;
		};
/* End XCBuildConfiguration section */

/* Begin XCConfigurationList section */
		227D3B4521AA63DB00BB56ED /* Build configuration list for PBXProject "estimator" */ = {
			isa = XCConfigurationList;
			buildConfigurations = (
				227D3B7121AA63DD00BB56ED /* Debug */,
				227D3B7221AA63DD00BB56ED /* Release */,
			);
			defaultConfigurationIsVisible = 0;
			defaultConfigurationName = Release;
		};
		227D3B7321AA63DD00BB56ED /* Build configuration list for PBXNativeTarget "estimator" */ = {
			isa = XCConfigurationList;
			buildConfigurations = (
				227D3B7421AA63DD00BB56ED /* Debug */,
				227D3B7521AA63DD00BB56ED /* Release */,
			);
			defaultConfigurationIsVisible = 0;
			defaultConfigurationName = Release;
		};
		227D3B7621AA63DD00BB56ED /* Build configuration list for PBXNativeTarget "estimatorTests" */ = {
			isa = XCConfigurationList;
			buildConfigurations = (
				227D3B7721AA63DD00BB56ED /* Debug */,
				227D3B7821AA63DD00BB56ED /* Release */,
			);
			defaultConfigurationIsVisible = 0;
			defaultConfigurationName = Release;
		};
		227D3B7921AA63DD00BB56ED /* Build configuration list for PBXNativeTarget "estimatorUITests" */ = {
			isa = XCConfigurationList;
			buildConfigurations = (
				227D3B7A21AA63DD00BB56ED /* Debug */,
				227D3B7B21AA63DD00BB56ED /* Release */,
			);
			defaultConfigurationIsVisible = 0;
			defaultConfigurationName = Release;
		};
/* End XCConfigurationList section */

/* Begin XCVersionGroup section */
		227D3B5121AA63DB00BB56ED /* estimator.xcdatamodeld */ = {
			isa = XCVersionGroup;
			children = (
				227D3B5221AA63DB00BB56ED /* estimator.xcdatamodel */,
			);
			currentVersion = 227D3B5221AA63DB00BB56ED /* estimator.xcdatamodel */;
			path = estimator.xcdatamodeld;
			sourceTree = "<group>";
			versionGroupType = wrapper.xcdatamodel;
		};
/* End XCVersionGroup section */
	};
	rootObject = 227D3B4221AA63DB00BB56ED /* Project object */;
}
